// !$*UTF8*$!
{
	archiveVersion = 1;
	classes = {
	};
	objectVersion = 51;
	objects = {

/* Begin PBXBuildFile section */
		69BA3F85035C257153D540BC /* Pods_HackRPI2019.framework in Frameworks */ = {isa = PBXBuildFile; fileRef = CCC8BA6E7FFBF758C785FF72 /* Pods_HackRPI2019.framework */; };
		D7A0D40B236E1B760072097A /* AppDelegate.swift in Sources */ = {isa = PBXBuildFile; fileRef = D7A0D40A236E1B760072097A /* AppDelegate.swift */; };
		D7A0D412236E1B760072097A /* Main.storyboard in Resources */ = {isa = PBXBuildFile; fileRef = D7A0D410236E1B760072097A /* Main.storyboard */; };
		D7A0D414236E1B760072097A /* Assets.xcassets in Resources */ = {isa = PBXBuildFile; fileRef = D7A0D413236E1B760072097A /* Assets.xcassets */; };
		D7A0D417236E1B760072097A /* LaunchScreen.storyboard in Resources */ = {isa = PBXBuildFile; fileRef = D7A0D415236E1B760072097A /* LaunchScreen.storyboard */; };
		D7A0D41F236E1F140072097A /* PictureDetailViewController.swift in Sources */ = {isa = PBXBuildFile; fileRef = D7A0D41E236E1F140072097A /* PictureDetailViewController.swift */; };
		D7A0D422236E1FA80072097A /* ViewController.swift in Sources */ = {isa = PBXBuildFile; fileRef = D7A0D421236E1FA80072097A /* ViewController.swift */; };
		D7F5B591236E2FC30082DD1C /* Keys.swift in Sources */ = {isa = PBXBuildFile; fileRef = D7F5B590236E2FC30082DD1C /* Keys.swift */; };
		D7F5B594236E8DD40082DD1C /* Auth0.plist in Resources */ = {isa = PBXBuildFile; fileRef = D7F5B593236E8DD40082DD1C /* Auth0.plist */; };
		D7F5B596236E8E780082DD1C /* LoginViewController.swift in Sources */ = {isa = PBXBuildFile; fileRef = D7F5B595236E8E780082DD1C /* LoginViewController.swift */; };
/* End PBXBuildFile section */

/* Begin PBXFileReference section */
		242F98061E0550A9D3E579D2 /* Pods-HackRPI2019.release.xcconfig */ = {isa = PBXFileReference; includeInIndex = 1; lastKnownFileType = text.xcconfig; name = "Pods-HackRPI2019.release.xcconfig"; path = "Target Support Files/Pods-HackRPI2019/Pods-HackRPI2019.release.xcconfig"; sourceTree = "<group>"; };
		CCC8BA6E7FFBF758C785FF72 /* Pods_HackRPI2019.framework */ = {isa = PBXFileReference; explicitFileType = wrapper.framework; includeInIndex = 0; path = Pods_HackRPI2019.framework; sourceTree = BUILT_PRODUCTS_DIR; };
		CDB06C64721BED214F978A6B /* Pods-HackRPI2019.debug.xcconfig */ = {isa = PBXFileReference; includeInIndex = 1; lastKnownFileType = text.xcconfig; name = "Pods-HackRPI2019.debug.xcconfig"; path = "Target Support Files/Pods-HackRPI2019/Pods-HackRPI2019.debug.xcconfig"; sourceTree = "<group>"; };
		D7A0D407236E1B760072097A /* Stormventory.app */ = {isa = PBXFileReference; explicitFileType = wrapper.application; includeInIndex = 0; path = Stormventory.app; sourceTree = BUILT_PRODUCTS_DIR; };
		D7A0D40A236E1B760072097A /* AppDelegate.swift */ = {isa = PBXFileReference; lastKnownFileType = sourcecode.swift; path = AppDelegate.swift; sourceTree = "<group>"; };
		D7A0D411236E1B760072097A /* Base */ = {isa = PBXFileReference; lastKnownFileType = file.storyboard; name = Base; path = Base.lproj/Main.storyboard; sourceTree = "<group>"; };
		D7A0D413236E1B760072097A /* Assets.xcassets */ = {isa = PBXFileReference; lastKnownFileType = folder.assetcatalog; path = Assets.xcassets; sourceTree = "<group>"; };
		D7A0D416236E1B760072097A /* Base */ = {isa = PBXFileReference; lastKnownFileType = file.storyboard; name = Base; path = Base.lproj/LaunchScreen.storyboard; sourceTree = "<group>"; };
		D7A0D418236E1B760072097A /* Info.plist */ = {isa = PBXFileReference; lastKnownFileType = text.plist.xml; path = Info.plist; sourceTree = "<group>"; };
		D7A0D41E236E1F140072097A /* PictureDetailViewController.swift */ = {isa = PBXFileReference; lastKnownFileType = sourcecode.swift; path = PictureDetailViewController.swift; sourceTree = "<group>"; };
		D7A0D421236E1FA80072097A /* ViewController.swift */ = {isa = PBXFileReference; fileEncoding = 4; lastKnownFileType = sourcecode.swift; path = ViewController.swift; sourceTree = "<group>"; };
		D7F5B590236E2FC30082DD1C /* Keys.swift */ = {isa = PBXFileReference; lastKnownFileType = sourcecode.swift; path = Keys.swift; sourceTree = "<group>"; };
		D7F5B593236E8DD40082DD1C /* Auth0.plist */ = {isa = PBXFileReference; lastKnownFileType = text.plist; path = Auth0.plist; sourceTree = "<group>"; };
		D7F5B595236E8E780082DD1C /* LoginViewController.swift */ = {isa = PBXFileReference; lastKnownFileType = sourcecode.swift; path = LoginViewController.swift; sourceTree = "<group>"; };
/* End PBXFileReference section */

/* Begin PBXFrameworksBuildPhase section */
		D7A0D404236E1B760072097A /* Frameworks */ = {
			isa = PBXFrameworksBuildPhase;
			buildActionMask = 2147483647;
			files = (
				69BA3F85035C257153D540BC /* Pods_HackRPI2019.framework in Frameworks */,
			);
			runOnlyForDeploymentPostprocessing = 0;
		};
/* End PBXFrameworksBuildPhase section */

/* Begin PBXGroup section */
		471A32BECDF6CBAB717D4758 /* Pods */ = {
			isa = PBXGroup;
			children = (
				CDB06C64721BED214F978A6B /* Pods-HackRPI2019.debug.xcconfig */,
				242F98061E0550A9D3E579D2 /* Pods-HackRPI2019.release.xcconfig */,
			);
			path = Pods;
			sourceTree = "<group>";
		};
		D7A0D3FE236E1B760072097A = {
			isa = PBXGroup;
			children = (
				D7A0D409236E1B760072097A /* HackRPI2019 */,
				D7A0D408236E1B760072097A /* Products */,
				471A32BECDF6CBAB717D4758 /* Pods */,
				E08D743C3CD89B9BFCE2FC1A /* Frameworks */,
			);
			sourceTree = "<group>";
		};
		D7A0D408236E1B760072097A /* Products */ = {
			isa = PBXGroup;
			children = (
				D7A0D407236E1B760072097A /* Stormventory.app */,
			);
			name = Products;
			sourceTree = "<group>";
		};
		D7A0D409236E1B760072097A /* HackRPI2019 */ = {
			isa = PBXGroup;
			children = (
				D7F5B592236E8DB10082DD1C /* Auth0 */,
				D7A0D420236E1F1A0072097A /* Controllers */,
				D7A0D40A236E1B760072097A /* AppDelegate.swift */,
				D7A0D410236E1B760072097A /* Main.storyboard */,
				D7A0D413236E1B760072097A /* Assets.xcassets */,
				D7A0D415236E1B760072097A /* LaunchScreen.storyboard */,
				D7A0D418236E1B760072097A /* Info.plist */,
				D7F5B590236E2FC30082DD1C /* Keys.swift */,
			);
			path = HackRPI2019;
			sourceTree = "<group>";
		};
		D7A0D420236E1F1A0072097A /* Controllers */ = {
			isa = PBXGroup;
			children = (
				D7F5B595236E8E780082DD1C /* LoginViewController.swift */,
				D7A0D421236E1FA80072097A /* ViewController.swift */,
				D7A0D41E236E1F140072097A /* PictureDetailViewController.swift */,
			);
			path = Controllers;
			sourceTree = "<group>";
		};
		D7F5B592236E8DB10082DD1C /* Auth0 */ = {
			isa = PBXGroup;
			children = (
				D7F5B593236E8DD40082DD1C /* Auth0.plist */,
			);
			path = Auth0;
			sourceTree = "<group>";
		};
		E08D743C3CD89B9BFCE2FC1A /* Frameworks */ = {
			isa = PBXGroup;
			children = (
				CCC8BA6E7FFBF758C785FF72 /* Pods_HackRPI2019.framework */,
			);
			name = Frameworks;
			sourceTree = "<group>";
		};
/* End PBXGroup section */

/* Begin PBXNativeTarget section */
		D7A0D406236E1B760072097A /* HackRPI2019 */ = {
			isa = PBXNativeTarget;
			buildConfigurationList = D7A0D41B236E1B760072097A /* Build configuration list for PBXNativeTarget "HackRPI2019" */;
			buildPhases = (
				1679637BB86904845810638E /* [CP] Check Pods Manifest.lock */,
				D7A0D403236E1B760072097A /* Sources */,
				D7A0D404236E1B760072097A /* Frameworks */,
				D7A0D405236E1B760072097A /* Resources */,
				0E47A44DF6229C961D262814 /* [CP] Embed Pods Frameworks */,
			);
			buildRules = (
			);
			dependencies = (
			);
			name = HackRPI2019;
			productName = HackRPI2019;
			productReference = D7A0D407236E1B760072097A /* Stormventory.app */;
			productType = "com.apple.product-type.application";
		};
/* End PBXNativeTarget section */

/* Begin PBXProject section */
		D7A0D3FF236E1B760072097A /* Project object */ = {
			isa = PBXProject;
			attributes = {
				LastSwiftUpdateCheck = 1120;
				LastUpgradeCheck = 1120;
				ORGANIZATIONNAME = RIT;
				TargetAttributes = {
					D7A0D406236E1B760072097A = {
						CreatedOnToolsVersion = 11.2;
					};
				};
			};
			buildConfigurationList = D7A0D402236E1B760072097A /* Build configuration list for PBXProject "HackRPI2019" */;
			compatibilityVersion = "Xcode 9.3";
			developmentRegion = en;
			hasScannedForEncodings = 0;
			knownRegions = (
				en,
				Base,
			);
			mainGroup = D7A0D3FE236E1B760072097A;
			productRefGroup = D7A0D408236E1B760072097A /* Products */;
			projectDirPath = "";
			projectRoot = "";
			targets = (
				D7A0D406236E1B760072097A /* HackRPI2019 */,
			);
		};
/* End PBXProject section */

/* Begin PBXResourcesBuildPhase section */
		D7A0D405236E1B760072097A /* Resources */ = {
			isa = PBXResourcesBuildPhase;
			buildActionMask = 2147483647;
			files = (
				D7A0D417236E1B760072097A /* LaunchScreen.storyboard in Resources */,
				D7A0D414236E1B760072097A /* Assets.xcassets in Resources */,
				D7A0D412236E1B760072097A /* Main.storyboard in Resources */,
				D7F5B594236E8DD40082DD1C /* Auth0.plist in Resources */,
			);
			runOnlyForDeploymentPostprocessing = 0;
		};
/* End PBXResourcesBuildPhase section */

/* Begin PBXShellScriptBuildPhase section */
		0E47A44DF6229C961D262814 /* [CP] Embed Pods Frameworks */ = {
			isa = PBXShellScriptBuildPhase;
			buildActionMask = 2147483647;
			files = (
			);
			inputFileListPaths = (
				"${PODS_ROOT}/Target Support Files/Pods-HackRPI2019/Pods-HackRPI2019-frameworks-${CONFIGURATION}-input-files.xcfilelist",
			);
			name = "[CP] Embed Pods Frameworks";
			outputFileListPaths = (
				"${PODS_ROOT}/Target Support Files/Pods-HackRPI2019/Pods-HackRPI2019-frameworks-${CONFIGURATION}-output-files.xcfilelist",
			);
			runOnlyForDeploymentPostprocessing = 0;
			shellPath = /bin/sh;
			shellScript = "\"${PODS_ROOT}/Target Support Files/Pods-HackRPI2019/Pods-HackRPI2019-frameworks.sh\"\n";
			showEnvVarsInLog = 0;
		};
		1679637BB86904845810638E /* [CP] Check Pods Manifest.lock */ = {
			isa = PBXShellScriptBuildPhase;
			buildActionMask = 2147483647;
			files = (
			);
			inputFileListPaths = (
			);
			inputPaths = (
				"${PODS_PODFILE_DIR_PATH}/Podfile.lock",
				"${PODS_ROOT}/Manifest.lock",
			);
			name = "[CP] Check Pods Manifest.lock";
			outputFileListPaths = (
			);
			outputPaths = (
				"$(DERIVED_FILE_DIR)/Pods-HackRPI2019-checkManifestLockResult.txt",
			);
			runOnlyForDeploymentPostprocessing = 0;
			shellPath = /bin/sh;
			shellScript = "diff \"${PODS_PODFILE_DIR_PATH}/Podfile.lock\" \"${PODS_ROOT}/Manifest.lock\" > /dev/null\nif [ $? != 0 ] ; then\n    # print error to STDERR\n    echo \"error: The sandbox is not in sync with the Podfile.lock. Run 'pod install' or update your CocoaPods installation.\" >&2\n    exit 1\nfi\n# This output is used by Xcode 'outputs' to avoid re-running this script phase.\necho \"SUCCESS\" > \"${SCRIPT_OUTPUT_FILE_0}\"\n";
			showEnvVarsInLog = 0;
		};
/* End PBXShellScriptBuildPhase section */

/* Begin PBXSourcesBuildPhase section */
		D7A0D403236E1B760072097A /* Sources */ = {
			isa = PBXSourcesBuildPhase;
			buildActionMask = 2147483647;
			files = (
				D7A0D422236E1FA80072097A /* ViewController.swift in Sources */,
				D7F5B591236E2FC30082DD1C /* Keys.swift in Sources */,
				D7A0D40B236E1B760072097A /* AppDelegate.swift in Sources */,
				D7F5B596236E8E780082DD1C /* LoginViewController.swift in Sources */,
				D7A0D41F236E1F140072097A /* PictureDetailViewController.swift in Sources */,
			);
			runOnlyForDeploymentPostprocessing = 0;
		};
/* End PBXSourcesBuildPhase section */

/* Begin PBXVariantGroup section */
		D7A0D410236E1B760072097A /* Main.storyboard */ = {
			isa = PBXVariantGroup;
			children = (
				D7A0D411236E1B760072097A /* Base */,
			);
			name = Main.storyboard;
			sourceTree = "<group>";
		};
		D7A0D415236E1B760072097A /* LaunchScreen.storyboard */ = {
			isa = PBXVariantGroup;
			children = (
				D7A0D416236E1B760072097A /* Base */,
			);
			name = LaunchScreen.storyboard;
			sourceTree = "<group>";
		};
/* End PBXVariantGroup section */

/* Begin XCBuildConfiguration section */
		D7A0D419236E1B760072097A /* Debug */ = {
			isa = XCBuildConfiguration;
			buildSettings = {
				ALWAYS_SEARCH_USER_PATHS = NO;
				CLANG_ANALYZER_NONNULL = YES;
				CLANG_ANALYZER_NUMBER_OBJECT_CONVERSION = YES_AGGRESSIVE;
				CLANG_CXX_LANGUAGE_STANDARD = "gnu++14";
				CLANG_CXX_LIBRARY = "libc++";
				CLANG_ENABLE_MODULES = YES;
				CLANG_ENABLE_OBJC_ARC = YES;
				CLANG_ENABLE_OBJC_WEAK = YES;
				CLANG_WARN_BLOCK_CAPTURE_AUTORELEASING = YES;
				CLANG_WARN_BOOL_CONVERSION = YES;
				CLANG_WARN_COMMA = YES;
				CLANG_WARN_CONSTANT_CONVERSION = YES;
				CLANG_WARN_DEPRECATED_OBJC_IMPLEMENTATIONS = YES;
				CLANG_WARN_DIRECT_OBJC_ISA_USAGE = YES_ERROR;
				CLANG_WARN_DOCUMENTATION_COMMENTS = YES;
				CLANG_WARN_EMPTY_BODY = YES;
				CLANG_WARN_ENUM_CONVERSION = YES;
				CLANG_WARN_INFINITE_RECURSION = YES;
				CLANG_WARN_INT_CONVERSION = YES;
				CLANG_WARN_NON_LITERAL_NULL_CONVERSION = YES;
				CLANG_WARN_OBJC_IMPLICIT_RETAIN_SELF = YES;
				CLANG_WARN_OBJC_LITERAL_CONVERSION = YES;
				CLANG_WARN_OBJC_ROOT_CLASS = YES_ERROR;
				CLANG_WARN_RANGE_LOOP_ANALYSIS = YES;
				CLANG_WARN_STRICT_PROTOTYPES = YES;
				CLANG_WARN_SUSPICIOUS_MOVE = YES;
				CLANG_WARN_UNGUARDED_AVAILABILITY = YES_AGGRESSIVE;
				CLANG_WARN_UNREACHABLE_CODE = YES;
				CLANG_WARN__DUPLICATE_METHOD_MATCH = YES;
				COPY_PHASE_STRIP = NO;
				DEBUG_INFORMATION_FORMAT = dwarf;
				ENABLE_STRICT_OBJC_MSGSEND = YES;
				ENABLE_TESTABILITY = YES;
				GCC_C_LANGUAGE_STANDARD = gnu11;
				GCC_DYNAMIC_NO_PIC = NO;
				GCC_NO_COMMON_BLOCKS = YES;
				GCC_OPTIMIZATION_LEVEL = 0;
				GCC_PREPROCESSOR_DEFINITIONS = (
					"DEBUG=1",
					"$(inherited)",
				);
				GCC_WARN_64_TO_32_BIT_CONVERSION = YES;
				GCC_WARN_ABOUT_RETURN_TYPE = YES_ERROR;
				GCC_WARN_UNDECLARED_SELECTOR = YES;
				GCC_WARN_UNINITIALIZED_AUTOS = YES_AGGRESSIVE;
				GCC_WARN_UNUSED_FUNCTION = YES;
				GCC_WARN_UNUSED_VARIABLE = YES;
				IPHONEOS_DEPLOYMENT_TARGET = 13.2;
				MTL_ENABLE_DEBUG_INFO = INCLUDE_SOURCE;
				MTL_FAST_MATH = YES;
				ONLY_ACTIVE_ARCH = YES;
				SDKROOT = iphoneos;
				SWIFT_ACTIVE_COMPILATION_CONDITIONS = DEBUG;
				SWIFT_OPTIMIZATION_LEVEL = "-Onone";
			};
			name = Debug;
		};
		D7A0D41A236E1B760072097A /* Release */ = {
			isa = XCBuildConfiguration;
			buildSettings = {
				ALWAYS_SEARCH_USER_PATHS = NO;
				CLANG_ANALYZER_NONNULL = YES;
				CLANG_ANALYZER_NUMBER_OBJECT_CONVERSION = YES_AGGRESSIVE;
				CLANG_CXX_LANGUAGE_STANDARD = "gnu++14";
				CLANG_CXX_LIBRARY = "libc++";
				CLANG_ENABLE_MODULES = YES;
				CLANG_ENABLE_OBJC_ARC = YES;
				CLANG_ENABLE_OBJC_WEAK = YES;
				CLANG_WARN_BLOCK_CAPTURE_AUTORELEASING = YES;
				CLANG_WARN_BOOL_CONVERSION = YES;
				CLANG_WARN_COMMA = YES;
				CLANG_WARN_CONSTANT_CONVERSION = YES;
				CLANG_WARN_DEPRECATED_OBJC_IMPLEMENTATIONS = YES;
				CLANG_WARN_DIRECT_OBJC_ISA_USAGE = YES_ERROR;
				CLANG_WARN_DOCUMENTATION_COMMENTS = YES;
				CLANG_WARN_EMPTY_BODY = YES;
				CLANG_WARN_ENUM_CONVERSION = YES;
				CLANG_WARN_INFINITE_RECURSION = YES;
				CLANG_WARN_INT_CONVERSION = YES;
				CLANG_WARN_NON_LITERAL_NULL_CONVERSION = YES;
				CLANG_WARN_OBJC_IMPLICIT_RETAIN_SELF = YES;
				CLANG_WARN_OBJC_LITERAL_CONVERSION = YES;
				CLANG_WARN_OBJC_ROOT_CLASS = YES_ERROR;
				CLANG_WARN_RANGE_LOOP_ANALYSIS = YES;
				CLANG_WARN_STRICT_PROTOTYPES = YES;
				CLANG_WARN_SUSPICIOUS_MOVE = YES;
				CLANG_WARN_UNGUARDED_AVAILABILITY = YES_AGGRESSIVE;
				CLANG_WARN_UNREACHABLE_CODE = YES;
				CLANG_WARN__DUPLICATE_METHOD_MATCH = YES;
				COPY_PHASE_STRIP = NO;
				DEBUG_INFORMATION_FORMAT = "dwarf-with-dsym";
				ENABLE_NS_ASSERTIONS = NO;
				ENABLE_STRICT_OBJC_MSGSEND = YES;
				GCC_C_LANGUAGE_STANDARD = gnu11;
				GCC_NO_COMMON_BLOCKS = YES;
				GCC_WARN_64_TO_32_BIT_CONVERSION = YES;
				GCC_WARN_ABOUT_RETURN_TYPE = YES_ERROR;
				GCC_WARN_UNDECLARED_SELECTOR = YES;
				GCC_WARN_UNINITIALIZED_AUTOS = YES_AGGRESSIVE;
				GCC_WARN_UNUSED_FUNCTION = YES;
				GCC_WARN_UNUSED_VARIABLE = YES;
				IPHONEOS_DEPLOYMENT_TARGET = 13.2;
				MTL_ENABLE_DEBUG_INFO = NO;
				MTL_FAST_MATH = YES;
				SDKROOT = iphoneos;
				SWIFT_COMPILATION_MODE = wholemodule;
				SWIFT_OPTIMIZATION_LEVEL = "-O";
				VALIDATE_PRODUCT = YES;
			};
			name = Release;
		};
		D7A0D41C236E1B760072097A /* Debug */ = {
			isa = XCBuildConfiguration;
			baseConfigurationReference = CDB06C64721BED214F978A6B /* Pods-HackRPI2019.debug.xcconfig */;
			buildSettings = {
				ASSETCATALOG_COMPILER_APPICON_NAME = AppIcon;
				CODE_SIGN_STYLE = Automatic;
				DEVELOPMENT_TEAM = CAUV8X6AAP;
				INFOPLIST_FILE = HackRPI2019/Info.plist;
				IPHONEOS_DEPLOYMENT_TARGET = 12.2;
				LD_RUNPATH_SEARCH_PATHS = (
					"$(inherited)",
					"@executable_path/Frameworks",
				);
				PRODUCT_BUNDLE_IDENTIFIER = edu.rit.stormventory;
				PRODUCT_NAME = Stormventory;
				SWIFT_VERSION = 5.0;
				TARGETED_DEVICE_FAMILY = 1;
			};
			name = Debug;
		};
		D7A0D41D236E1B760072097A /* Release */ = {
			isa = XCBuildConfiguration;
			baseConfigurationReference = 242F98061E0550A9D3E579D2 /* Pods-HackRPI2019.release.xcconfig */;
			buildSettings = {
				ASSETCATALOG_COMPILER_APPICON_NAME = AppIcon;
				CODE_SIGN_STYLE = Automatic;
				DEVELOPMENT_TEAM = CAUV8X6AAP;
				INFOPLIST_FILE = HackRPI2019/Info.plist;
				IPHONEOS_DEPLOYMENT_TARGET = 12.2;
				LD_RUNPATH_SEARCH_PATHS = (
					"$(inherited)",
					"@executable_path/Frameworks",
				);
				PRODUCT_BUNDLE_IDENTIFIER = edu.rit.stormventory;
				PRODUCT_NAME = Stormventory;
				SWIFT_VERSION = 5.0;
				TARGETED_DEVICE_FAMILY = 1;
			};
			name = Release;
		};
/* End XCBuildConfiguration section */

/* Begin XCConfigurationList section */
		D7A0D402236E1B760072097A /* Build configuration list for PBXProject "HackRPI2019" */ = {
			isa = XCConfigurationList;
			buildConfigurations = (
				D7A0D419236E1B760072097A /* Debug */,
				D7A0D41A236E1B760072097A /* Release */,
			);
			defaultConfigurationIsVisible = 0;
			defaultConfigurationName = Release;
		};
		D7A0D41B236E1B760072097A /* Build configuration list for PBXNativeTarget "HackRPI2019" */ = {
			isa = XCConfigurationList;
			buildConfigurations = (
				D7A0D41C236E1B760072097A /* Debug */,
				D7A0D41D236E1B760072097A /* Release */,
			);
			defaultConfigurationIsVisible = 0;
			defaultConfigurationName = Release;
		};
/* End XCConfigurationList section */
	};
	rootObject = D7A0D3FF236E1B760072097A /* Project object */;
}
